Microsoft Visual Studio Solution File, Format Version 12.00
# Visual Studio 2012
Project("{FAE04EC0-301F-11D3-BF4B-00C04F79EFBC}") = "ui_tut", "ui_tut.csproj", "{202A1664-8B01-4B71-8AE1-0C83F865A79A}"
EndProject
Global
	GlobalSection(SolutionConfigurationPlatforms) = preSolution
	Debug|Any CPU = Debug|Any CPU
	ExportDebug|Any CPU = ExportDebug|Any CPU
	ExportRelease|Any CPU = ExportRelease|Any CPU
	EndGlobalSection
	GlobalSection(ProjectConfigurationPlatforms) = postSolution
		{202A1664-8B01-4B71-8AE1-0C83F865A79A}.Debug|Any CPU.ActiveCfg = Debug|Any CPU
		{202A1664-8B01-4B71-8AE1-0C83F865A79A}.Debug|Any CPU.Build.0 = Debug|Any CPU
		{202A1664-8B01-4B71-8AE1-0C83F865A79A}.ExportDebug|Any CPU.ActiveCfg = ExportDebug|Any CPU
		{202A1664-8B01-4B71-8AE1-0C83F865A79A}.ExportDebug|Any CPU.Build.0 = ExportDebug|Any CPU
		{202A1664-8B01-4B71-8AE1-0C83F865A79A}.ExportRelease|Any CPU.ActiveCfg = ExportRelease|Any CPU
		{202A1664-8B01-4B71-8AE1-0C83F865A79A}.ExportRelease|Any CPU.Build.0 = ExportRelease|Any CPU
	EndGlobalSection
EndGlobal
